// !$*UTF8*$!
{
	archiveVersion = 1;
	classes = {
	};
	objectVersion = 77;
	objects = {

/* Begin PBXBuildFile section */
		7699EC922ECF7E78003BCA19 /* DeviceReport.appex in Embed ExtensionKit Extensions */ = {isa = PBXBuildFile; fileRef = 7699EC862ECF7E78003BCA19 /* DeviceReport.appex */; settings = {ATTRIBUTES = (RemoveHeadersOnCopy, ); }; };
		7699EF912ED0677C003BCA19 /* DeviceActivity.framework in Frameworks */ = {isa = PBXBuildFile; fileRef = 7699EF902ED0677C003BCA19 /* DeviceActivity.framework */; };
		7699EF992ED0677C003BCA19 /* DeviceMonitor.appex in Embed Foundation Extensions */ = {isa = PBXBuildFile; fileRef = 7699EF8E2ED0677C003BCA19 /* DeviceMonitor.appex */; settings = {ATTRIBUTES = (RemoveHeadersOnCopy, ); }; };
/* End PBXBuildFile section */

/* Begin PBXContainerItemProxy section */
		00CD94AD2E9D3FD6001C47CD /* PBXContainerItemProxy */ = {
			isa = PBXContainerItemProxy;
			containerPortal = 00CD94972E9D3FD4001C47CD /* Project object */;
			proxyType = 1;
			remoteGlobalIDString = 00CD949E2E9D3FD4001C47CD;
			remoteInfo = WakeUp;
		};
		00CD94B72E9D3FD6001C47CD /* PBXContainerItemProxy */ = {
			isa = PBXContainerItemProxy;
			containerPortal = 00CD94972E9D3FD4001C47CD /* Project object */;
			proxyType = 1;
			remoteGlobalIDString = 00CD949E2E9D3FD4001C47CD;
			remoteInfo = WakeUp;
		};
		7699EC902ECF7E78003BCA19 /* PBXContainerItemProxy */ = {
			isa = PBXContainerItemProxy;
			containerPortal = 00CD94972E9D3FD4001C47CD /* Project object */;
			proxyType = 1;
			remoteGlobalIDString = 7699EC852ECF7E78003BCA19;
			remoteInfo = DeviceReport;
		};
		7699EF972ED0677C003BCA19 /* PBXContainerItemProxy */ = {
			isa = PBXContainerItemProxy;
			containerPortal = 00CD94972E9D3FD4001C47CD /* Project object */;
			proxyType = 1;
			remoteGlobalIDString = 7699EF8D2ED0677C003BCA19;
			remoteInfo = DeviceMonitor;
		};
/* End PBXContainerItemProxy section */

/* Begin PBXCopyFilesBuildPhase section */
		7699EC972ECF7E78003BCA19 /* Embed ExtensionKit Extensions */ = {
			isa = PBXCopyFilesBuildPhase;
			buildActionMask = 12;
			dstPath = "$(EXTENSIONS_FOLDER_PATH)";
			dstSubfolderSpec = 16;
			files = (
				7699EC922ECF7E78003BCA19 /* DeviceReport.appex in Embed ExtensionKit Extensions */,
			);
			name = "Embed ExtensionKit Extensions";
			runOnlyForDeploymentPostprocessing = 0;
		};
		7699EF9E2ED0677C003BCA19 /* Embed Foundation Extensions */ = {
			isa = PBXCopyFilesBuildPhase;
			buildActionMask = 12;
			dstPath = "";
			dstSubfolderSpec = 13;
			files = (
				7699EF992ED0677C003BCA19 /* DeviceMonitor.appex in Embed Foundation Extensions */,
			);
			name = "Embed Foundation Extensions";
			runOnlyForDeploymentPostprocessing = 0;
		};
/* End PBXCopyFilesBuildPhase section */

/* Begin PBXFileReference section */
		00CD949F2E9D3FD4001C47CD /* WakeUp.app */ = {isa = PBXFileReference; explicitFileType = wrapper.application; includeInIndex = 0; path = WakeUp.app; sourceTree = BUILT_PRODUCTS_DIR; };
		00CD94AC2E9D3FD6001C47CD /* WakeUpTests.xctest */ = {isa = PBXFileReference; explicitFileType = wrapper.cfbundle; includeInIndex = 0; path = WakeUpTests.xctest; sourceTree = BUILT_PRODUCTS_DIR; };
		00CD94B62E9D3FD6001C47CD /* WakeUpUITests.xctest */ = {isa = PBXFileReference; explicitFileType = wrapper.cfbundle; includeInIndex = 0; path = WakeUpUITests.xctest; sourceTree = BUILT_PRODUCTS_DIR; };
		7699EC862ECF7E78003BCA19 /* DeviceReport.appex */ = {isa = PBXFileReference; explicitFileType = "wrapper.extensionkit-extension"; includeInIndex = 0; path = DeviceReport.appex; sourceTree = BUILT_PRODUCTS_DIR; };
		7699EF8E2ED0677C003BCA19 /* DeviceMonitor.appex */ = {isa = PBXFileReference; explicitFileType = "wrapper.app-extension"; includeInIndex = 0; path = DeviceMonitor.appex; sourceTree = BUILT_PRODUCTS_DIR; };
		7699EF902ED0677C003BCA19 /* DeviceActivity.framework */ = {isa = PBXFileReference; lastKnownFileType = wrapper.framework; name = DeviceActivity.framework; path = System/Library/Frameworks/DeviceActivity.framework; sourceTree = SDKROOT; };
/* End PBXFileReference section */

/* Begin PBXFileSystemSynchronizedBuildFileExceptionSet section */
		009CE6402EAB8549005B0F5A /* Exceptions for "WakeUp" folder in "WakeUp" target */ = {
			isa = PBXFileSystemSynchronizedBuildFileExceptionSet;
			membershipExceptions = (
				Info.plist,
			);
			target = 00CD949E2E9D3FD4001C47CD /* WakeUp */;
		};
		7699EC962ECF7E78003BCA19 /* Exceptions for "DeviceReport" folder in "DeviceReport" target */ = {
			isa = PBXFileSystemSynchronizedBuildFileExceptionSet;
			membershipExceptions = (
				Info.plist,
			);
			target = 7699EC852ECF7E78003BCA19 /* DeviceReport */;
		};
		7699EF9D2ED0677C003BCA19 /* Exceptions for "DeviceMonitor" folder in "DeviceMonitor" target */ = {
			isa = PBXFileSystemSynchronizedBuildFileExceptionSet;
			membershipExceptions = (
				Info.plist,
			);
			target = 7699EF8D2ED0677C003BCA19 /* DeviceMonitor */;
		};
		7699EFD42ED07554003BCA19 /* Exceptions for "DeviceReport" folder in "WakeUp" target */ = {
			isa = PBXFileSystemSynchronizedBuildFileExceptionSet;
			membershipExceptions = (
				AppReport.swift,
				"DeviceActivityReportContext+.swift",
				"DeviceActivityResults+.swift",
				Top5ReportView.swift,
			);
			target = 00CD949E2E9D3FD4001C47CD /* WakeUp */;
		};
/* End PBXFileSystemSynchronizedBuildFileExceptionSet section */

/* Begin PBXFileSystemSynchronizedRootGroup section */
		00CD94A12E9D3FD4001C47CD /* WakeUp */ = {
			isa = PBXFileSystemSynchronizedRootGroup;
			exceptions = (
				009CE6402EAB8549005B0F5A /* Exceptions for "WakeUp" folder in "WakeUp" target */,
			);
			path = WakeUp;
			sourceTree = "<group>";
		};
		00CD94AF2E9D3FD6001C47CD /* WakeUpTests */ = {
			isa = PBXFileSystemSynchronizedRootGroup;
			path = WakeUpTests;
			sourceTree = "<group>";
		};
		00CD94B92E9D3FD6001C47CD /* WakeUpUITests */ = {
			isa = PBXFileSystemSynchronizedRootGroup;
			path = WakeUpUITests;
			sourceTree = "<group>";
		};
		7699EC872ECF7E78003BCA19 /* DeviceReport */ = {
			isa = PBXFileSystemSynchronizedRootGroup;
			exceptions = (
				7699EFD42ED07554003BCA19 /* Exceptions for "DeviceReport" folder in "WakeUp" target */,
				7699EC962ECF7E78003BCA19 /* Exceptions for "DeviceReport" folder in "DeviceReport" target */,
			);
			path = DeviceReport;
			sourceTree = "<group>";
		};
		7699EF922ED0677C003BCA19 /* DeviceMonitor */ = {
			isa = PBXFileSystemSynchronizedRootGroup;
			exceptions = (
				7699EF9D2ED0677C003BCA19 /* Exceptions for "DeviceMonitor" folder in "DeviceMonitor" target */,
			);
			path = DeviceMonitor;
			sourceTree = "<group>";
		};
/* End PBXFileSystemSynchronizedRootGroup section */

/* Begin PBXFrameworksBuildPhase section */
		00CD949C2E9D3FD4001C47CD /* Frameworks */ = {
			isa = PBXFrameworksBuildPhase;
			buildActionMask = 2147483647;
			files = (
			);
			runOnlyForDeploymentPostprocessing = 0;
		};
		00CD94A92E9D3FD6001C47CD /* Frameworks */ = {
			isa = PBXFrameworksBuildPhase;
			buildActionMask = 2147483647;
			files = (
			);
			runOnlyForDeploymentPostprocessing = 0;
		};
		00CD94B32E9D3FD6001C47CD /* Frameworks */ = {
			isa = PBXFrameworksBuildPhase;
			buildActionMask = 2147483647;
			files = (
			);
			runOnlyForDeploymentPostprocessing = 0;
		};
		7699EC832ECF7E78003BCA19 /* Frameworks */ = {
			isa = PBXFrameworksBuildPhase;
			buildActionMask = 2147483647;
			files = (
			);
			runOnlyForDeploymentPostprocessing = 0;
		};
		7699EF8B2ED0677C003BCA19 /* Frameworks */ = {
			isa = PBXFrameworksBuildPhase;
			buildActionMask = 2147483647;
			files = (
				7699EF912ED0677C003BCA19 /* DeviceActivity.framework in Frameworks */,
			);
			runOnlyForDeploymentPostprocessing = 0;
		};
/* End PBXFrameworksBuildPhase section */

/* Begin PBXGroup section */
		00CD94962E9D3FD4001C47CD = {
			isa = PBXGroup;
			children = (
				00CD94A12E9D3FD4001C47CD /* WakeUp */,
				00CD94AF2E9D3FD6001C47CD /* WakeUpTests */,
				00CD94B92E9D3FD6001C47CD /* WakeUpUITests */,
				7699EC872ECF7E78003BCA19 /* DeviceReport */,
				7699EF922ED0677C003BCA19 /* DeviceMonitor */,
				7699EF8F2ED0677C003BCA19 /* Frameworks */,
				00CD94A02E9D3FD4001C47CD /* Products */,
			);
			sourceTree = "<group>";
		};
		00CD94A02E9D3FD4001C47CD /* Products */ = {
			isa = PBXGroup;
			children = (
				00CD949F2E9D3FD4001C47CD /* WakeUp.app */,
				00CD94AC2E9D3FD6001C47CD /* WakeUpTests.xctest */,
				00CD94B62E9D3FD6001C47CD /* WakeUpUITests.xctest */,
				7699EC862ECF7E78003BCA19 /* DeviceReport.appex */,
				7699EF8E2ED0677C003BCA19 /* DeviceMonitor.appex */,
			);
			name = Products;
			sourceTree = "<group>";
		};
		7699EF8F2ED0677C003BCA19 /* Frameworks */ = {
			isa = PBXGroup;
			children = (
				7699EF902ED0677C003BCA19 /* DeviceActivity.framework */,
			);
			name = Frameworks;
			sourceTree = "<group>";
		};
/* End PBXGroup section */

/* Begin PBXNativeTarget section */
		00CD949E2E9D3FD4001C47CD /* WakeUp */ = {
			isa = PBXNativeTarget;
			buildConfigurationList = 00CD94C02E9D3FD6001C47CD /* Build configuration list for PBXNativeTarget "WakeUp" */;
			buildPhases = (
				00CD949B2E9D3FD4001C47CD /* Sources */,
				00CD949C2E9D3FD4001C47CD /* Frameworks */,
				00CD949D2E9D3FD4001C47CD /* Resources */,
				7699EC972ECF7E78003BCA19 /* Embed ExtensionKit Extensions */,
				7699EF9E2ED0677C003BCA19 /* Embed Foundation Extensions */,
			);
			buildRules = (
			);
			dependencies = (
				7699EC912ECF7E78003BCA19 /* PBXTargetDependency */,
				7699EF982ED0677C003BCA19 /* PBXTargetDependency */,
			);
			fileSystemSynchronizedGroups = (
				00CD94A12E9D3FD4001C47CD /* WakeUp */,
			);
			name = WakeUp;
			packageProductDependencies = (
			);
			productName = WakeUp;
			productReference = 00CD949F2E9D3FD4001C47CD /* WakeUp.app */;
			productType = "com.apple.product-type.application";
		};
		00CD94AB2E9D3FD6001C47CD /* WakeUpTests */ = {
			isa = PBXNativeTarget;
			buildConfigurationList = 00CD94C32E9D3FD6001C47CD /* Build configuration list for PBXNativeTarget "WakeUpTests" */;
			buildPhases = (
				00CD94A82E9D3FD6001C47CD /* Sources */,
				00CD94A92E9D3FD6001C47CD /* Frameworks */,
				00CD94AA2E9D3FD6001C47CD /* Resources */,
			);
			buildRules = (
			);
			dependencies = (
				00CD94AE2E9D3FD6001C47CD /* PBXTargetDependency */,
			);
			fileSystemSynchronizedGroups = (
				00CD94AF2E9D3FD6001C47CD /* WakeUpTests */,
			);
			name = WakeUpTests;
			packageProductDependencies = (
			);
			productName = WakeUpTests;
			productReference = 00CD94AC2E9D3FD6001C47CD /* WakeUpTests.xctest */;
			productType = "com.apple.product-type.bundle.unit-test";
		};
		00CD94B52E9D3FD6001C47CD /* WakeUpUITests */ = {
			isa = PBXNativeTarget;
			buildConfigurationList = 00CD94C62E9D3FD6001C47CD /* Build configuration list for PBXNativeTarget "WakeUpUITests" */;
			buildPhases = (
				00CD94B22E9D3FD6001C47CD /* Sources */,
				00CD94B32E9D3FD6001C47CD /* Frameworks */,
				00CD94B42E9D3FD6001C47CD /* Resources */,
			);
			buildRules = (
			);
			dependencies = (
				00CD94B82E9D3FD6001C47CD /* PBXTargetDependency */,
			);
			fileSystemSynchronizedGroups = (
				00CD94B92E9D3FD6001C47CD /* WakeUpUITests */,
			);
			name = WakeUpUITests;
			packageProductDependencies = (
			);
			productName = WakeUpUITests;
			productReference = 00CD94B62E9D3FD6001C47CD /* WakeUpUITests.xctest */;
			productType = "com.apple.product-type.bundle.ui-testing";
		};
		7699EC852ECF7E78003BCA19 /* DeviceReport */ = {
			isa = PBXNativeTarget;
			buildConfigurationList = 7699EC932ECF7E78003BCA19 /* Build configuration list for PBXNativeTarget "DeviceReport" */;
			buildPhases = (
				7699EC822ECF7E78003BCA19 /* Sources */,
				7699EC832ECF7E78003BCA19 /* Frameworks */,
				7699EC842ECF7E78003BCA19 /* Resources */,
			);
			buildRules = (
			);
			dependencies = (
			);
			fileSystemSynchronizedGroups = (
				7699EC872ECF7E78003BCA19 /* DeviceReport */,
			);
			name = DeviceReport;
			packageProductDependencies = (
			);
			productName = DeviceReport;
			productReference = 7699EC862ECF7E78003BCA19 /* DeviceReport.appex */;
			productType = "com.apple.product-type.extensionkit-extension";
		};
		7699EF8D2ED0677C003BCA19 /* DeviceMonitor */ = {
			isa = PBXNativeTarget;
			buildConfigurationList = 7699EF9A2ED0677C003BCA19 /* Build configuration list for PBXNativeTarget "DeviceMonitor" */;
			buildPhases = (
				7699EF8A2ED0677C003BCA19 /* Sources */,
				7699EF8B2ED0677C003BCA19 /* Frameworks */,
				7699EF8C2ED0677C003BCA19 /* Resources */,
			);
			buildRules = (
			);
			dependencies = (
			);
			fileSystemSynchronizedGroups = (
				7699EF922ED0677C003BCA19 /* DeviceMonitor */,
			);
			name = DeviceMonitor;
			packageProductDependencies = (
			);
			productName = DeviceMonitor;
			productReference = 7699EF8E2ED0677C003BCA19 /* DeviceMonitor.appex */;
			productType = "com.apple.product-type.app-extension";
		};
/* End PBXNativeTarget section */

/* Begin PBXProject section */
		00CD94972E9D3FD4001C47CD /* Project object */ = {
			isa = PBXProject;
			attributes = {
				BuildIndependentTargetsInParallel = 1;
				LastSwiftUpdateCheck = 2610;
				LastUpgradeCheck = 2600;
				TargetAttributes = {
					00CD949E2E9D3FD4001C47CD = {
						CreatedOnToolsVersion = 26.0.1;
					};
					00CD94AB2E9D3FD6001C47CD = {
						CreatedOnToolsVersion = 26.0.1;
						TestTargetID = 00CD949E2E9D3FD4001C47CD;
					};
					00CD94B52E9D3FD6001C47CD = {
						CreatedOnToolsVersion = 26.0.1;
						TestTargetID = 00CD949E2E9D3FD4001C47CD;
					};
					7699EC852ECF7E78003BCA19 = {
						CreatedOnToolsVersion = 26.1.1;
					};
					7699EF8D2ED0677C003BCA19 = {
						CreatedOnToolsVersion = 26.1.1;
					};
				};
			};
			buildConfigurationList = 00CD949A2E9D3FD4001C47CD /* Build configuration list for PBXProject "WakeUp" */;
			developmentRegion = en;
			hasScannedForEncodings = 0;
			knownRegions = (
				en,
				Base,
			);
			mainGroup = 00CD94962E9D3FD4001C47CD;
			minimizedProjectReferenceProxies = 1;
			preferredProjectObjectVersion = 77;
			productRefGroup = 00CD94A02E9D3FD4001C47CD /* Products */;
			projectDirPath = "";
			projectRoot = "";
			targets = (
				00CD949E2E9D3FD4001C47CD /* WakeUp */,
				00CD94AB2E9D3FD6001C47CD /* WakeUpTests */,
				00CD94B52E9D3FD6001C47CD /* WakeUpUITests */,
				7699EC852ECF7E78003BCA19 /* DeviceReport */,
				7699EF8D2ED0677C003BCA19 /* DeviceMonitor */,
			);
		};
/* End PBXProject section */

/* Begin PBXResourcesBuildPhase section */
		00CD949D2E9D3FD4001C47CD /* Resources */ = {
			isa = PBXResourcesBuildPhase;
			buildActionMask = 2147483647;
			files = (
			);
			runOnlyForDeploymentPostprocessing = 0;
		};
		00CD94AA2E9D3FD6001C47CD /* Resources */ = {
			isa = PBXResourcesBuildPhase;
			buildActionMask = 2147483647;
			files = (
			);
			runOnlyForDeploymentPostprocessing = 0;
		};
		00CD94B42E9D3FD6001C47CD /* Resources */ = {
			isa = PBXResourcesBuildPhase;
			buildActionMask = 2147483647;
			files = (
			);
			runOnlyForDeploymentPostprocessing = 0;
		};
		7699EC842ECF7E78003BCA19 /* Resources */ = {
			isa = PBXResourcesBuildPhase;
			buildActionMask = 2147483647;
			files = (
			);
			runOnlyForDeploymentPostprocessing = 0;
		};
		7699EF8C2ED0677C003BCA19 /* Resources */ = {
			isa = PBXResourcesBuildPhase;
			buildActionMask = 2147483647;
			files = (
			);
			runOnlyForDeploymentPostprocessing = 0;
		};
/* End PBXResourcesBuildPhase section */

/* Begin PBXSourcesBuildPhase section */
		00CD949B2E9D3FD4001C47CD /* Sources */ = {
			isa = PBXSourcesBuildPhase;
			buildActionMask = 2147483647;
			files = (
			);
			runOnlyForDeploymentPostprocessing = 0;
		};
		00CD94A82E9D3FD6001C47CD /* Sources */ = {
			isa = PBXSourcesBuildPhase;
			buildActionMask = 2147483647;
			files = (
			);
			runOnlyForDeploymentPostprocessing = 0;
		};
		00CD94B22E9D3FD6001C47CD /* Sources */ = {
			isa = PBXSourcesBuildPhase;
			buildActionMask = 2147483647;
			files = (
			);
			runOnlyForDeploymentPostprocessing = 0;
		};
		7699EC822ECF7E78003BCA19 /* Sources */ = {
			isa = PBXSourcesBuildPhase;
			buildActionMask = 2147483647;
			files = (
			);
			runOnlyForDeploymentPostprocessing = 0;
		};
		7699EF8A2ED0677C003BCA19 /* Sources */ = {
			isa = PBXSourcesBuildPhase;
			buildActionMask = 2147483647;
			files = (
			);
			runOnlyForDeploymentPostprocessing = 0;
		};
/* End PBXSourcesBuildPhase section */

/* Begin PBXTargetDependency section */
		00CD94AE2E9D3FD6001C47CD /* PBXTargetDependency */ = {
			isa = PBXTargetDependency;
			target = 00CD949E2E9D3FD4001C47CD /* WakeUp */;
			targetProxy = 00CD94AD2E9D3FD6001C47CD /* PBXContainerItemProxy */;
		};
		00CD94B82E9D3FD6001C47CD /* PBXTargetDependency */ = {
			isa = PBXTargetDependency;
			target = 00CD949E2E9D3FD4001C47CD /* WakeUp */;
			targetProxy = 00CD94B72E9D3FD6001C47CD /* PBXContainerItemProxy */;
		};
		7699EC912ECF7E78003BCA19 /* PBXTargetDependency */ = {
			isa = PBXTargetDependency;
			target = 7699EC852ECF7E78003BCA19 /* DeviceReport */;
			targetProxy = 7699EC902ECF7E78003BCA19 /* PBXContainerItemProxy */;
		};
		7699EF982ED0677C003BCA19 /* PBXTargetDependency */ = {
			isa = PBXTargetDependency;
			target = 7699EF8D2ED0677C003BCA19 /* DeviceMonitor */;
			targetProxy = 7699EF972ED0677C003BCA19 /* PBXContainerItemProxy */;
		};
/* End PBXTargetDependency section */

/* Begin XCBuildConfiguration section */
		00CD94BE2E9D3FD6001C47CD /* Debug */ = {
			isa = XCBuildConfiguration;
			buildSettings = {
				ALWAYS_SEARCH_USER_PATHS = NO;
				ASSETCATALOG_COMPILER_GENERATE_SWIFT_ASSET_SYMBOL_EXTENSIONS = YES;
				CLANG_ANALYZER_NONNULL = YES;
				CLANG_ANALYZER_NUMBER_OBJECT_CONVERSION = YES_AGGRESSIVE;
				CLANG_CXX_LANGUAGE_STANDARD = "gnu++20";
				CLANG_ENABLE_MODULES = YES;
				CLANG_ENABLE_OBJC_ARC = YES;
				CLANG_ENABLE_OBJC_WEAK = YES;
				CLANG_WARN_BLOCK_CAPTURE_AUTORELEASING = YES;
				CLANG_WARN_BOOL_CONVERSION = YES;
				CLANG_WARN_COMMA = YES;
				CLANG_WARN_CONSTANT_CONVERSION = YES;
				CLANG_WARN_DEPRECATED_OBJC_IMPLEMENTATIONS = YES;
				CLANG_WARN_DIRECT_OBJC_ISA_USAGE = YES_ERROR;
				CLANG_WARN_DOCUMENTATION_COMMENTS = YES;
				CLANG_WARN_EMPTY_BODY = YES;
				CLANG_WARN_ENUM_CONVERSION = YES;
				CLANG_WARN_INFINITE_RECURSION = YES;
				CLANG_WARN_INT_CONVERSION = YES;
				CLANG_WARN_NON_LITERAL_NULL_CONVERSION = YES;
				CLANG_WARN_OBJC_IMPLICIT_RETAIN_SELF = YES;
				CLANG_WARN_OBJC_LITERAL_CONVERSION = YES;
				CLANG_WARN_OBJC_ROOT_CLASS = YES_ERROR;
				CLANG_WARN_QUOTED_INCLUDE_IN_FRAMEWORK_HEADER = YES;
				CLANG_WARN_RANGE_LOOP_ANALYSIS = YES;
				CLANG_WARN_STRICT_PROTOTYPES = YES;
				CLANG_WARN_SUSPICIOUS_MOVE = YES;
				CLANG_WARN_UNGUARDED_AVAILABILITY = YES_AGGRESSIVE;
				CLANG_WARN_UNREACHABLE_CODE = YES;
				CLANG_WARN__DUPLICATE_METHOD_MATCH = YES;
				COPY_PHASE_STRIP = NO;
				DEBUG_INFORMATION_FORMAT = dwarf;
				DEVELOPMENT_TEAM = 7UL55F8A57;
				ENABLE_STRICT_OBJC_MSGSEND = YES;
				ENABLE_TESTABILITY = YES;
				ENABLE_USER_SCRIPT_SANDBOXING = YES;
				GCC_C_LANGUAGE_STANDARD = gnu17;
				GCC_DYNAMIC_NO_PIC = NO;
				GCC_NO_COMMON_BLOCKS = YES;
				GCC_OPTIMIZATION_LEVEL = 0;
				GCC_PREPROCESSOR_DEFINITIONS = (
					"DEBUG=1",
					"$(inherited)",
				);
				GCC_WARN_64_TO_32_BIT_CONVERSION = YES;
				GCC_WARN_ABOUT_RETURN_TYPE = YES_ERROR;
				GCC_WARN_UNDECLARED_SELECTOR = YES;
				GCC_WARN_UNINITIALIZED_AUTOS = YES_AGGRESSIVE;
				GCC_WARN_UNUSED_FUNCTION = YES;
				GCC_WARN_UNUSED_VARIABLE = YES;
				IPHONEOS_DEPLOYMENT_TARGET = 26.0;
				LOCALIZATION_PREFERS_STRING_CATALOGS = YES;
				MTL_ENABLE_DEBUG_INFO = INCLUDE_SOURCE;
				MTL_FAST_MATH = YES;
				ONLY_ACTIVE_ARCH = YES;
				SDKROOT = iphoneos;
				SWIFT_ACTIVE_COMPILATION_CONDITIONS = "DEBUG $(inherited)";
				SWIFT_OPTIMIZATION_LEVEL = "-Onone";
			};
			name = Debug;
		};
		00CD94BF2E9D3FD6001C47CD /* Release */ = {
			isa = XCBuildConfiguration;
			buildSettings = {
				ALWAYS_SEARCH_USER_PATHS = NO;
				ASSETCATALOG_COMPILER_GENERATE_SWIFT_ASSET_SYMBOL_EXTENSIONS = YES;
				CLANG_ANALYZER_NONNULL = YES;
				CLANG_ANALYZER_NUMBER_OBJECT_CONVERSION = YES_AGGRESSIVE;
				CLANG_CXX_LANGUAGE_STANDARD = "gnu++20";
				CLANG_ENABLE_MODULES = YES;
				CLANG_ENABLE_OBJC_ARC = YES;
				CLANG_ENABLE_OBJC_WEAK = YES;
				CLANG_WARN_BLOCK_CAPTURE_AUTORELEASING = YES;
				CLANG_WARN_BOOL_CONVERSION = YES;
				CLANG_WARN_COMMA = YES;
				CLANG_WARN_CONSTANT_CONVERSION = YES;
				CLANG_WARN_DEPRECATED_OBJC_IMPLEMENTATIONS = YES;
				CLANG_WARN_DIRECT_OBJC_ISA_USAGE = YES_ERROR;
				CLANG_WARN_DOCUMENTATION_COMMENTS = YES;
				CLANG_WARN_EMPTY_BODY = YES;
				CLANG_WARN_ENUM_CONVERSION = YES;
				CLANG_WARN_INFINITE_RECURSION = YES;
				CLANG_WARN_INT_CONVERSION = YES;
				CLANG_WARN_NON_LITERAL_NULL_CONVERSION = YES;
				CLANG_WARN_OBJC_IMPLICIT_RETAIN_SELF = YES;
				CLANG_WARN_OBJC_LITERAL_CONVERSION = YES;
				CLANG_WARN_OBJC_ROOT_CLASS = YES_ERROR;
				CLANG_WARN_QUOTED_INCLUDE_IN_FRAMEWORK_HEADER = YES;
				CLANG_WARN_RANGE_LOOP_ANALYSIS = YES;
				CLANG_WARN_STRICT_PROTOTYPES = YES;
				CLANG_WARN_SUSPICIOUS_MOVE = YES;
				CLANG_WARN_UNGUARDED_AVAILABILITY = YES_AGGRESSIVE;
				CLANG_WARN_UNREACHABLE_CODE = YES;
				CLANG_WARN__DUPLICATE_METHOD_MATCH = YES;
				COPY_PHASE_STRIP = NO;
				DEBUG_INFORMATION_FORMAT = "dwarf-with-dsym";
				DEVELOPMENT_TEAM = 7UL55F8A57;
				ENABLE_NS_ASSERTIONS = NO;
				ENABLE_STRICT_OBJC_MSGSEND = YES;
				ENABLE_USER_SCRIPT_SANDBOXING = YES;
				GCC_C_LANGUAGE_STANDARD = gnu17;
				GCC_NO_COMMON_BLOCKS = YES;
				GCC_WARN_64_TO_32_BIT_CONVERSION = YES;
				GCC_WARN_ABOUT_RETURN_TYPE = YES_ERROR;
				GCC_WARN_UNDECLARED_SELECTOR = YES;
				GCC_WARN_UNINITIALIZED_AUTOS = YES_AGGRESSIVE;
				GCC_WARN_UNUSED_FUNCTION = YES;
				GCC_WARN_UNUSED_VARIABLE = YES;
				IPHONEOS_DEPLOYMENT_TARGET = 26.0;
				LOCALIZATION_PREFERS_STRING_CATALOGS = YES;
				MTL_ENABLE_DEBUG_INFO = NO;
				MTL_FAST_MATH = YES;
				SDKROOT = iphoneos;
				SWIFT_COMPILATION_MODE = wholemodule;
				VALIDATE_PRODUCT = YES;
			};
			name = Release;
		};
		00CD94C12E9D3FD6001C47CD /* Debug */ = {
			isa = XCBuildConfiguration;
			buildSettings = {
				ASSETCATALOG_COMPILER_APPICON_NAME = AppIcon;
				ASSETCATALOG_COMPILER_GLOBAL_ACCENT_COLOR_NAME = AccentColor;
				CODE_SIGN_ENTITLEMENTS = WakeUp/WakeUp.entitlements;
				CODE_SIGN_IDENTITY = "Apple Development";
				CODE_SIGN_INJECT_BASE_ENTITLEMENTS = YES;
				CODE_SIGN_STYLE = Automatic;
				CURRENT_PROJECT_VERSION = 1;
				DEVELOPMENT_TEAM = "";
				"DEVELOPMENT_TEAM[sdk=iphoneos*]" = 7UL55F8A57;
				ENABLE_PREVIEWS = YES;
				GENERATE_INFOPLIST_FILE = YES;
				INFOPLIST_FILE = WakeUp/Info.plist;
				INFOPLIST_KEY_CFBundleDisplayName = awayke;
				INFOPLIST_KEY_UIApplicationSceneManifest_Generation = YES;
				INFOPLIST_KEY_UIApplicationSupportsIndirectInputEvents = YES;
				INFOPLIST_KEY_UILaunchScreen_Generation = YES;
				INFOPLIST_KEY_UISupportedInterfaceOrientations_iPad = "UIInterfaceOrientationPortrait UIInterfaceOrientationPortraitUpsideDown UIInterfaceOrientationLandscapeLeft UIInterfaceOrientationLandscapeRight";
				INFOPLIST_KEY_UISupportedInterfaceOrientations_iPhone = "UIInterfaceOrientationPortrait UIInterfaceOrientationLandscapeLeft UIInterfaceOrientationLandscapeRight";
				IPHONEOS_DEPLOYMENT_TARGET = 18.6;
				LD_RUNPATH_SEARCH_PATHS = (
					"$(inherited)",
					"@executable_path/Frameworks",
				);
				MARKETING_VERSION = 1.0;
				PRODUCT_BUNDLE_IDENTIFIER = com.awayke;
				PRODUCT_NAME = "$(TARGET_NAME)";
				PROVISIONING_PROFILE_SPECIFIER = "";
				STRING_CATALOG_GENERATE_SYMBOLS = YES;
				SWIFT_APPROACHABLE_CONCURRENCY = YES;
				SWIFT_DEFAULT_ACTOR_ISOLATION = MainActor;
				SWIFT_EMIT_LOC_STRINGS = YES;
				SWIFT_UPCOMING_FEATURE_MEMBER_IMPORT_VISIBILITY = YES;
				SWIFT_VERSION = 5.0;
				TARGETED_DEVICE_FAMILY = "1,2";
			};
			name = Debug;
		};
		00CD94C22E9D3FD6001C47CD /* Release */ = {
			isa = XCBuildConfiguration;
			buildSettings = {
				ASSETCATALOG_COMPILER_APPICON_NAME = AppIcon;
				ASSETCATALOG_COMPILER_GLOBAL_ACCENT_COLOR_NAME = AccentColor;
				CODE_SIGN_ENTITLEMENTS = WakeUp/WakeUp.entitlements;
				CODE_SIGN_IDENTITY = "Apple Development";
				CODE_SIGN_INJECT_BASE_ENTITLEMENTS = YES;
				CODE_SIGN_STYLE = Automatic;
				CURRENT_PROJECT_VERSION = 1;
				DEVELOPMENT_TEAM = "";
				"DEVELOPMENT_TEAM[sdk=iphoneos*]" = 7UL55F8A57;
				ENABLE_PREVIEWS = YES;
				GENERATE_INFOPLIST_FILE = YES;
				INFOPLIST_FILE = WakeUp/Info.plist;
				INFOPLIST_KEY_CFBundleDisplayName = awayke;
				INFOPLIST_KEY_UIApplicationSceneManifest_Generation = YES;
				INFOPLIST_KEY_UIApplicationSupportsIndirectInputEvents = YES;
				INFOPLIST_KEY_UILaunchScreen_Generation = YES;
				INFOPLIST_KEY_UISupportedInterfaceOrientations_iPad = "UIInterfaceOrientationPortrait UIInterfaceOrientationPortraitUpsideDown UIInterfaceOrientationLandscapeLeft UIInterfaceOrientationLandscapeRight";
				INFOPLIST_KEY_UISupportedInterfaceOrientations_iPhone = "UIInterfaceOrientationPortrait UIInterfaceOrientationLandscapeLeft UIInterfaceOrientationLandscapeRight";
				IPHONEOS_DEPLOYMENT_TARGET = 18.6;
				LD_RUNPATH_SEARCH_PATHS = (
					"$(inherited)",
					"@executable_path/Frameworks",
				);
				MARKETING_VERSION = 1.0;
				PRODUCT_BUNDLE_IDENTIFIER = com.awayke;
				PRODUCT_NAME = "$(TARGET_NAME)";
				PROVISIONING_PROFILE_SPECIFIER = "";
				STRING_CATALOG_GENERATE_SYMBOLS = YES;
				SWIFT_APPROACHABLE_CONCURRENCY = YES;
				SWIFT_DEFAULT_ACTOR_ISOLATION = MainActor;
				SWIFT_EMIT_LOC_STRINGS = YES;
				SWIFT_UPCOMING_FEATURE_MEMBER_IMPORT_VISIBILITY = YES;
				SWIFT_VERSION = 5.0;
				TARGETED_DEVICE_FAMILY = "1,2";
			};
			name = Release;
		};
		00CD94C42E9D3FD6001C47CD /* Debug */ = {
			isa = XCBuildConfiguration;
			buildSettings = {
				BUNDLE_LOADER = "$(TEST_HOST)";
				CODE_SIGN_STYLE = Manual;
				CURRENT_PROJECT_VERSION = 1;
				DEVELOPMENT_TEAM = "";
				GENERATE_INFOPLIST_FILE = YES;
				IPHONEOS_DEPLOYMENT_TARGET = 26.0;
				MARKETING_VERSION = 1.0;
				PRODUCT_BUNDLE_IDENTIFIER = com.WakeUpTests;
				PRODUCT_NAME = "$(TARGET_NAME)";
				PROVISIONING_PROFILE_SPECIFIER = "";
				STRING_CATALOG_GENERATE_SYMBOLS = NO;
				SWIFT_APPROACHABLE_CONCURRENCY = YES;
				SWIFT_EMIT_LOC_STRINGS = NO;
				SWIFT_UPCOMING_FEATURE_MEMBER_IMPORT_VISIBILITY = YES;
				SWIFT_VERSION = 5.0;
				TARGETED_DEVICE_FAMILY = "1,2";
				TEST_HOST = "$(BUILT_PRODUCTS_DIR)/WakeUp.app/$(BUNDLE_EXECUTABLE_FOLDER_PATH)/WakeUp";
			};
			name = Debug;
		};
		00CD94C52E9D3FD6001C47CD /* Release */ = {
			isa = XCBuildConfiguration;
			buildSettings = {
				BUNDLE_LOADER = "$(TEST_HOST)";
				CODE_SIGN_STYLE = Manual;
				CURRENT_PROJECT_VERSION = 1;
				DEVELOPMENT_TEAM = "";
				GENERATE_INFOPLIST_FILE = YES;
				IPHONEOS_DEPLOYMENT_TARGET = 26.0;
				MARKETING_VERSION = 1.0;
				PRODUCT_BUNDLE_IDENTIFIER = com.WakeUpTests;
				PRODUCT_NAME = "$(TARGET_NAME)";
				PROVISIONING_PROFILE_SPECIFIER = "";
				STRING_CATALOG_GENERATE_SYMBOLS = NO;
				SWIFT_APPROACHABLE_CONCURRENCY = YES;
				SWIFT_EMIT_LOC_STRINGS = NO;
				SWIFT_UPCOMING_FEATURE_MEMBER_IMPORT_VISIBILITY = YES;
				SWIFT_VERSION = 5.0;
				TARGETED_DEVICE_FAMILY = "1,2";
				TEST_HOST = "$(BUILT_PRODUCTS_DIR)/WakeUp.app/$(BUNDLE_EXECUTABLE_FOLDER_PATH)/WakeUp";
			};
			name = Release;
		};
		00CD94C72E9D3FD6001C47CD /* Debug */ = {
			isa = XCBuildConfiguration;
			buildSettings = {
				CODE_SIGN_STYLE = Automatic;
				CURRENT_PROJECT_VERSION = 1;
				DEVELOPMENT_TEAM = 7UL55F8A57;
				GENERATE_INFOPLIST_FILE = YES;
				MARKETING_VERSION = 1.0;
				PRODUCT_BUNDLE_IDENTIFIER = com.WakeUpUITests;
				PRODUCT_NAME = "$(TARGET_NAME)";
				STRING_CATALOG_GENERATE_SYMBOLS = NO;
				SWIFT_APPROACHABLE_CONCURRENCY = YES;
				SWIFT_EMIT_LOC_STRINGS = NO;
				SWIFT_UPCOMING_FEATURE_MEMBER_IMPORT_VISIBILITY = YES;
				SWIFT_VERSION = 5.0;
				TARGETED_DEVICE_FAMILY = "1,2";
				TEST_TARGET_NAME = WakeUp;
			};
			name = Debug;
		};
		00CD94C82E9D3FD6001C47CD /* Release */ = {
			isa = XCBuildConfiguration;
			buildSettings = {
				CODE_SIGN_STYLE = Automatic;
				CURRENT_PROJECT_VERSION = 1;
				DEVELOPMENT_TEAM = 7UL55F8A57;
				GENERATE_INFOPLIST_FILE = YES;
				MARKETING_VERSION = 1.0;
				PRODUCT_BUNDLE_IDENTIFIER = com.WakeUpUITests;
				PRODUCT_NAME = "$(TARGET_NAME)";
				STRING_CATALOG_GENERATE_SYMBOLS = NO;
				SWIFT_APPROACHABLE_CONCURRENCY = YES;
				SWIFT_EMIT_LOC_STRINGS = NO;
				SWIFT_UPCOMING_FEATURE_MEMBER_IMPORT_VISIBILITY = YES;
				SWIFT_VERSION = 5.0;
				TARGETED_DEVICE_FAMILY = "1,2";
				TEST_TARGET_NAME = WakeUp;
			};
			name = Release;
		};
		7699EC942ECF7E78003BCA19 /* Debug */ = {
			isa = XCBuildConfiguration;
			buildSettings = {
				CODE_SIGN_ENTITLEMENTS = DeviceReport/DeviceReport.entitlements;
				CODE_SIGN_IDENTITY = "Apple Development";
				"CODE_SIGN_IDENTITY[sdk=iphoneos*]" = "iPhone Developer";
				CODE_SIGN_STYLE = Manual;
				CURRENT_PROJECT_VERSION = 1;
				DEVELOPMENT_TEAM = "";
				"DEVELOPMENT_TEAM[sdk=iphoneos*]" = 7UL55F8A57;
				GENERATE_INFOPLIST_FILE = YES;
				INFOPLIST_FILE = DeviceReport/Info.plist;
				INFOPLIST_KEY_CFBundleDisplayName = DeviceReport;
				INFOPLIST_KEY_NSHumanReadableCopyright = "";
				IPHONEOS_DEPLOYMENT_TARGET = 18.6;
				LD_RUNPATH_SEARCH_PATHS = (
					"$(inherited)",
					"@executable_path/Frameworks",
					"@executable_path/../../Frameworks",
				);
				MARKETING_VERSION = 1.0;
				PRODUCT_BUNDLE_IDENTIFIER = com.awayke.DeviceReport;
				PRODUCT_NAME = "$(TARGET_NAME)";
				PROVISIONING_PROFILE_SPECIFIER = "";
				"PROVISIONING_PROFILE_SPECIFIER[sdk=iphoneos*]" = AwaykeReport;
				SKIP_INSTALL = YES;
				STRING_CATALOG_GENERATE_SYMBOLS = YES;
				SWIFT_APPROACHABLE_CONCURRENCY = YES;
				SWIFT_EMIT_LOC_STRINGS = YES;
				SWIFT_UPCOMING_FEATURE_MEMBER_IMPORT_VISIBILITY = YES;
				SWIFT_VERSION = 5.0;
				TARGETED_DEVICE_FAMILY = "1,2";
			};
			name = Debug;
		};
		7699EC952ECF7E78003BCA19 /* Release */ = {
			isa = XCBuildConfiguration;
			buildSettings = {
				CODE_SIGN_ENTITLEMENTS = DeviceReport/DeviceReport.entitlements;
				CODE_SIGN_IDENTITY = "Apple Development";
				"CODE_SIGN_IDENTITY[sdk=iphoneos*]" = "iPhone Developer";
				CODE_SIGN_STYLE = Manual;
				CURRENT_PROJECT_VERSION = 1;
				DEVELOPMENT_TEAM = "";
				"DEVELOPMENT_TEAM[sdk=iphoneos*]" = 7UL55F8A57;
				GENERATE_INFOPLIST_FILE = YES;
				INFOPLIST_FILE = DeviceReport/Info.plist;
				INFOPLIST_KEY_CFBundleDisplayName = DeviceReport;
				INFOPLIST_KEY_NSHumanReadableCopyright = "";
				IPHONEOS_DEPLOYMENT_TARGET = 18.6;
				LD_RUNPATH_SEARCH_PATHS = (
					"$(inherited)",
					"@executable_path/Frameworks",
					"@executable_path/../../Frameworks",
				);
				MARKETING_VERSION = 1.0;
				PRODUCT_BUNDLE_IDENTIFIER = com.awayke.DeviceReport;
				PRODUCT_NAME = "$(TARGET_NAME)";
				PROVISIONING_PROFILE_SPECIFIER = "";
				"PROVISIONING_PROFILE_SPECIFIER[sdk=iphoneos*]" = AwaykeReport;
				SKIP_INSTALL = YES;
				STRING_CATALOG_GENERATE_SYMBOLS = YES;
				SWIFT_APPROACHABLE_CONCURRENCY = YES;
				SWIFT_EMIT_LOC_STRINGS = YES;
				SWIFT_UPCOMING_FEATURE_MEMBER_IMPORT_VISIBILITY = YES;
				SWIFT_VERSION = 5.0;
				TARGETED_DEVICE_FAMILY = "1,2";
			};
			name = Release;
		};
		7699EF9B2ED0677C003BCA19 /* Debug */ = {
			isa = XCBuildConfiguration;
			buildSettings = {
				CODE_SIGN_ENTITLEMENTS = DeviceMonitor/DeviceMonitor.entitlements;
				CODE_SIGN_IDENTITY = "Apple Development";
				"CODE_SIGN_IDENTITY[sdk=iphoneos*]" = "iPhone Developer";
				CODE_SIGN_STYLE = Manual;
				CURRENT_PROJECT_VERSION = 1;
				DEVELOPMENT_TEAM = "";
				"DEVELOPMENT_TEAM[sdk=iphoneos*]" = 7UL55F8A57;
				GENERATE_INFOPLIST_FILE = YES;
				INFOPLIST_FILE = DeviceMonitor/Info.plist;
				INFOPLIST_KEY_CFBundleDisplayName = DeviceMonitor;
				INFOPLIST_KEY_NSHumanReadableCopyright = "";
				IPHONEOS_DEPLOYMENT_TARGET = 18.6;
				LD_RUNPATH_SEARCH_PATHS = (
					"$(inherited)",
					"@executable_path/Frameworks",
					"@executable_path/../../Frameworks",
				);
				MARKETING_VERSION = 1.0;
				PRODUCT_BUNDLE_IDENTIFIER = com.awayke.DeviceMonitor;
				PRODUCT_NAME = "$(TARGET_NAME)";
				PROVISIONING_PROFILE_SPECIFIER = "";
				"PROVISIONING_PROFILE_SPECIFIER[sdk=iphoneos*]" = AwaykeMonitor;
				SKIP_INSTALL = YES;
				STRING_CATALOG_GENERATE_SYMBOLS = YES;
				SWIFT_APPROACHABLE_CONCURRENCY = YES;
				SWIFT_EMIT_LOC_STRINGS = YES;
				SWIFT_UPCOMING_FEATURE_MEMBER_IMPORT_VISIBILITY = YES;
				SWIFT_VERSION = 5.0;
				TARGETED_DEVICE_FAMILY = "1,2";
			};
			name = Debug;
		};
		7699EF9C2ED0677C003BCA19 /* Release */ = {
			isa = XCBuildConfiguration;
			buildSettings = {
				CODE_SIGN_ENTITLEMENTS = DeviceMonitor/DeviceMonitor.entitlements;
				CODE_SIGN_IDENTITY = "Apple Development";
				"CODE_SIGN_IDENTITY[sdk=iphoneos*]" = "iPhone Developer";
				CODE_SIGN_STYLE = Manual;
				CURRENT_PROJECT_VERSION = 1;
				DEVELOPMENT_TEAM = "";
				"DEVELOPMENT_TEAM[sdk=iphoneos*]" = 7UL55F8A57;
				GENERATE_INFOPLIST_FILE = YES;
				INFOPLIST_FILE = DeviceMonitor/Info.plist;
				INFOPLIST_KEY_CFBundleDisplayName = DeviceMonitor;
				INFOPLIST_KEY_NSHumanReadableCopyright = "";
				IPHONEOS_DEPLOYMENT_TARGET = 18.6;
				LD_RUNPATH_SEARCH_PATHS = (
					"$(inherited)",
					"@executable_path/Frameworks",
					"@executable_path/../../Frameworks",
				);
				MARKETING_VERSION = 1.0;
				PRODUCT_BUNDLE_IDENTIFIER = com.awayke.DeviceMonitor;
				PRODUCT_NAME = "$(TARGET_NAME)";
				PROVISIONING_PROFILE_SPECIFIER = "";
				"PROVISIONING_PROFILE_SPECIFIER[sdk=iphoneos*]" = AwaykeMonitor;
				SKIP_INSTALL = YES;
				STRING_CATALOG_GENERATE_SYMBOLS = YES;
				SWIFT_APPROACHABLE_CONCURRENCY = YES;
				SWIFT_EMIT_LOC_STRINGS = YES;
				SWIFT_UPCOMING_FEATURE_MEMBER_IMPORT_VISIBILITY = YES;
				SWIFT_VERSION = 5.0;
				TARGETED_DEVICE_FAMILY = "1,2";
			};
			name = Release;
		};
/* End XCBuildConfiguration section */

/* Begin XCConfigurationList section */
		00CD949A2E9D3FD4001C47CD /* Build configuration list for PBXProject "WakeUp" */ = {
			isa = XCConfigurationList;
			buildConfigurations = (
				00CD94BE2E9D3FD6001C47CD /* Debug */,
				00CD94BF2E9D3FD6001C47CD /* Release */,
			);
			defaultConfigurationIsVisible = 0;
			defaultConfigurationName = Release;
		};
		00CD94C02E9D3FD6001C47CD /* Build configuration list for PBXNativeTarget "WakeUp" */ = {
			isa = XCConfigurationList;
			buildConfigurations = (
				00CD94C12E9D3FD6001C47CD /* Debug */,
				00CD94C22E9D3FD6001C47CD /* Release */,
			);
			defaultConfigurationIsVisible = 0;
			defaultConfigurationName = Release;
		};
		00CD94C32E9D3FD6001C47CD /* Build configuration list for PBXNativeTarget "WakeUpTests" */ = {
			isa = XCConfigurationList;
			buildConfigurations = (
				00CD94C42E9D3FD6001C47CD /* Debug */,
				00CD94C52E9D3FD6001C47CD /* Release */,
			);
			defaultConfigurationIsVisible = 0;
			defaultConfigurationName = Release;
		};
		00CD94C62E9D3FD6001C47CD /* Build configuration list for PBXNativeTarget "WakeUpUITests" */ = {
			isa = XCConfigurationList;
			buildConfigurations = (
				00CD94C72E9D3FD6001C47CD /* Debug */,
				00CD94C82E9D3FD6001C47CD /* Release */,
			);
			defaultConfigurationIsVisible = 0;
			defaultConfigurationName = Release;
		};
		7699EC932ECF7E78003BCA19 /* Build configuration list for PBXNativeTarget "DeviceReport" */ = {
			isa = XCConfigurationList;
			buildConfigurations = (
				7699EC942ECF7E78003BCA19 /* Debug */,
				7699EC952ECF7E78003BCA19 /* Release */,
			);
			defaultConfigurationIsVisible = 0;
			defaultConfigurationName = Release;
		};
		7699EF9A2ED0677C003BCA19 /* Build configuration list for PBXNativeTarget "DeviceMonitor" */ = {
			isa = XCConfigurationList;
			buildConfigurations = (
				7699EF9B2ED0677C003BCA19 /* Debug */,
				7699EF9C2ED0677C003BCA19 /* Release */,
			);
			defaultConfigurationIsVisible = 0;
			defaultConfigurationName = Release;
		};
/* End XCConfigurationList section */
	};
	rootObject = 00CD94972E9D3FD4001C47CD /* Project object */;
}
